// !$*UTF8*$!
{
	archiveVersion = 1;
	classes = {
	};
	objectVersion = 50;
	objects = {

/* Begin PBXAggregateTarget section */
		4C68AF4222F4069600AA2401 /* Build Frameworks */ = {
			isa = PBXAggregateTarget;
			buildConfigurationList = 4C68AF4322F4069600AA2401 /* Build configuration list for PBXAggregateTarget "Build Frameworks" */;
			buildPhases = (
				4C68AF4622F406B000AA2401 /* ShellScript */,
			);
			dependencies = (
			);
			name = "Build Frameworks";
			productName = "Build Frameworks";
		};
/* End PBXAggregateTarget section */

/* Begin PBXBuildFile section */
		4C080E6C22F4AFFC00BC8C28 /* BookManager.swift in Sources */ = {isa = PBXBuildFile; fileRef = 4C080E6B22F4AFFC00BC8C28 /* BookManager.swift */; };
		4C0B96D222F672E40067BF34 /* BookDetails.swift in Sources */ = {isa = PBXBuildFile; fileRef = 4C0B96D122F672E40067BF34 /* BookDetails.swift */; };
		4C47435F22FD66CC00A20399 /* Menus.swift in Sources */ = {isa = PBXBuildFile; fileRef = 4C47435E22FD66CC00A20399 /* Menus.swift */; };
		4C47D33D22FFE1C200B9B07C /* Notifications.swift in Sources */ = {isa = PBXBuildFile; fileRef = 4C47D33C22FFE1C200B9B07C /* Notifications.swift */; };
		4C47D33F22FFE52600B9B07C /* NotificationManager.swift in Sources */ = {isa = PBXBuildFile; fileRef = 4C47D33E22FFE52600B9B07C /* NotificationManager.swift */; };
		4C47D34123012C7900B9B07C /* BookWindowControls.swift in Sources */ = {isa = PBXBuildFile; fileRef = 4C47D34023012C7900B9B07C /* BookWindowControls.swift */; };
		4C4B5B6522F9213700E77A30 /* Localization.swift in Sources */ = {isa = PBXBuildFile; fileRef = 4C4B5B6422F9213700E77A30 /* Localization.swift */; };
		4C50FE0622FDEFDB00C5F8F2 /* BookWindowConstructors.swift in Sources */ = {isa = PBXBuildFile; fileRef = 4C50FE0522FDEFDA00C5F8F2 /* BookWindowConstructors.swift */; };
		4C50FE0822FDF00800C5F8F2 /* BookWindowActions.swift in Sources */ = {isa = PBXBuildFile; fileRef = 4C50FE0722FDF00800C5F8F2 /* BookWindowActions.swift */; };
		4C683A4A22FE9F000013517B /* API.swift in Sources */ = {isa = PBXBuildFile; fileRef = 4C683A4922FE9F000013517B /* API.swift */; };
		4C6AE9B022F9388E00ECF3DF /* BookListCell.swift in Sources */ = {isa = PBXBuildFile; fileRef = 4C6AE9AE22F9388E00ECF3DF /* BookListCell.swift */; };
		4C6AE9B422F938B100ECF3DF /* BookListCell.xib in Resources */ = {isa = PBXBuildFile; fileRef = 4C6AE9B222F938B100ECF3DF /* BookListCell.xib */; };
		4C6AE9B622F9481A00ECF3DF /* BookCoverImage.swift in Sources */ = {isa = PBXBuildFile; fileRef = 4C6AE9B522F9481A00ECF3DF /* BookCoverImage.swift */; };
		4C77B1F22302461500EE5A81 /* Controls.swift in Sources */ = {isa = PBXBuildFile; fileRef = 4C77B1F12302461500EE5A81 /* Controls.swift */; };
		4C77B1F423024E6300EE5A81 /* Collections.swift in Sources */ = {isa = PBXBuildFile; fileRef = 4C77B1F323024E6300EE5A81 /* Collections.swift */; };
		4C91038E22FA947A005D63C7 /* BookWindows.swift in Sources */ = {isa = PBXBuildFile; fileRef = 4C91038D22FA947A005D63C7 /* BookWindows.swift */; };
		4C91039122FABA68005D63C7 /* BookWindow.strings in Resources */ = {isa = PBXBuildFile; fileRef = 4C91038F22FABA68005D63C7 /* BookWindow.strings */; };
		4C91039322FABB0D005D63C7 /* BookReader.swift in Sources */ = {isa = PBXBuildFile; fileRef = 4C91039222FABB0D005D63C7 /* BookReader.swift */; };
		4C91039522FABB50005D63C7 /* BookChapters.storyboard in Resources */ = {isa = PBXBuildFile; fileRef = 4C91039422FABB4F005D63C7 /* BookChapters.storyboard */; };
		4C91039822FABB85005D63C7 /* BookReader.storyboard in Resources */ = {isa = PBXBuildFile; fileRef = 4C91039622FABB85005D63C7 /* BookReader.storyboard */; };
		4CAAB92D22F69C26007ED15C /* API.strings in Resources */ = {isa = PBXBuildFile; fileRef = 4CAAB92B22F69C26007ED15C /* API.strings */; };
		4CAAB93D22F6A870007ED15C /* iGuyaAPI.framework in Frameworks */ = {isa = PBXBuildFile; fileRef = 4CAAB93C22F6A870007ED15C /* iGuyaAPI.framework */; };
		4CAB50AA22FEB9DE00128AA5 /* Preferences.swift in Sources */ = {isa = PBXBuildFile; fileRef = 4CAB50A922FEB9DE00128AA5 /* Preferences.swift */; };
		4CAB50AF22FEC3FE00128AA5 /* RegisteredDefaults.plist in Resources */ = {isa = PBXBuildFile; fileRef = 4CAB50AE22FEC3FE00128AA5 /* RegisteredDefaults.plist */; };
		4CAFD9F622F85D9C00458644 /* Views.swift in Sources */ = {isa = PBXBuildFile; fileRef = 4CAFD9F522F85D9C00458644 /* Views.swift */; };
		4CB0756122F3F5F200D73686 /* AppDelegate.swift in Sources */ = {isa = PBXBuildFile; fileRef = 4CB0756022F3F5F200D73686 /* AppDelegate.swift */; };
		4CB0756322F3F5F200D73686 /* BookList.swift in Sources */ = {isa = PBXBuildFile; fileRef = 4CB0756222F3F5F200D73686 /* BookList.swift */; };
		4CB0756522F3F5F400D73686 /* Main.xcassets in Resources */ = {isa = PBXBuildFile; fileRef = 4CB0756422F3F5F400D73686 /* Main.xcassets */; };
		4CB0757622F3F81E00D73686 /* LICENSE.txt in Resources */ = {isa = PBXBuildFile; fileRef = 4CB0757522F3F81E00D73686 /* LICENSE.txt */; };
		4CB0758722F3FA6300D73686 /* Main.storyboard in Resources */ = {isa = PBXBuildFile; fileRef = 4CB0758522F3FA6300D73686 /* Main.storyboard */; };
		4CB097AD22FD3D37009886D9 /* Localization.m in Sources */ = {isa = PBXBuildFile; fileRef = 4CB097AC22FD3D37009886D9 /* Localization.m */; };
		4CB097AE22FD3FD2009886D9 /* API.m in Sources */ = {isa = PBXBuildFile; fileRef = 4CB097A722FD3BAE009886D9 /* API.m */; };
		4CB6FD5522F814C900A2783C /* BookDetails.storyboard in Resources */ = {isa = PBXBuildFile; fileRef = 4CB6FD5322F814C900A2783C /* BookDetails.storyboard */; };
		4CB6FD5D22F818E800A2783C /* BookList.storyboard in Resources */ = {isa = PBXBuildFile; fileRef = 4CB6FD5B22F818E800A2783C /* BookList.storyboard */; };
		4CB6FD5F22F8202100A2783C /* CrossfadeStoryboard.swift in Sources */ = {isa = PBXBuildFile; fileRef = 4CB6FD5E22F8202100A2783C /* CrossfadeStoryboard.swift */; };
		4CBAD98822F6B21200207C84 /* iGuyaAPI.framework in Copy Frameworks */ = {isa = PBXBuildFile; fileRef = 4CAAB93C22F6A870007ED15C /* iGuyaAPI.framework */; settings = {ATTRIBUTES = (CodeSignOnCopy, RemoveHeadersOnCopy, ); }; };
		4CBAD98A22F6CC9100207C84 /* ImageManager.swift in Sources */ = {isa = PBXBuildFile; fileRef = 4CBAD98922F6CC9100207C84 /* ImageManager.swift */; };
		4CBAD99322F6D7FE00207C84 /* Logging.swift in Sources */ = {isa = PBXBuildFile; fileRef = 4CBAD99222F6D7FE00207C84 /* Logging.swift */; };
		4CBD94C02302E62F00EADD77 /* BookWindowHelpers.swift in Sources */ = {isa = PBXBuildFile; fileRef = 4CBD94BF2302E62F00EADD77 /* BookWindowHelpers.swift */; };
		4CC5261523053A7000A53A50 /* EnumIteration.swift in Sources */ = {isa = PBXBuildFile; fileRef = 4CC5261423053A7000A53A50 /* EnumIteration.swift */; };
		4CC8AD3222FA61D400C96941 /* BookWindow.storyboard in Resources */ = {isa = PBXBuildFile; fileRef = 4CC8AD3022FA61D400C96941 /* BookWindow.storyboard */; };
		4CC8AD3522FA697D00C96941 /* BookChapters.swift in Sources */ = {isa = PBXBuildFile; fileRef = 4CC8AD3322FA62FE00C96941 /* BookChapters.swift */; };
		4CC8AD3722FA798100C96941 /* BookWindow.swift in Sources */ = {isa = PBXBuildFile; fileRef = 4CC8AD3622FA798100C96941 /* BookWindow.swift */; };
		4CCA1BED22FACA1E00DC6AD5 /* Reader.xcassets in Resources */ = {isa = PBXBuildFile; fileRef = 4CCA1BEC22FACA1E00DC6AD5 /* Reader.xcassets */; };
/* End PBXBuildFile section */

/* Begin PBXContainerItemProxy section */
		4C68AF4722F406C800AA2401 /* PBXContainerItemProxy */ = {
			isa = PBXContainerItemProxy;
			containerPortal = 4CB0755522F3F5F200D73686 /* Project object */;
			proxyType = 1;
			remoteGlobalIDString = 4C68AF4222F4069600AA2401;
			remoteInfo = "Build Frameworks";
		};
/* End PBXContainerItemProxy section */

/* Begin PBXCopyFilesBuildPhase section */
		4C68AF4B22F406FA00AA2401 /* Copy Frameworks */ = {
			isa = PBXCopyFilesBuildPhase;
			buildActionMask = 2147483647;
			dstPath = "";
			dstSubfolderSpec = 10;
			files = (
				4CBAD98822F6B21200207C84 /* iGuyaAPI.framework in Copy Frameworks */,
			);
			name = "Copy Frameworks";
			runOnlyForDeploymentPostprocessing = 0;
		};
/* End PBXCopyFilesBuildPhase section */

/* Begin PBXFileReference section */
		4C080E6B22F4AFFC00BC8C28 /* BookManager.swift */ = {isa = PBXFileReference; lastKnownFileType = sourcecode.swift; path = BookManager.swift; sourceTree = "<group>"; };
		4C0B96D122F672E40067BF34 /* BookDetails.swift */ = {isa = PBXFileReference; lastKnownFileType = sourcecode.swift; path = BookDetails.swift; sourceTree = "<group>"; };
		4C47435E22FD66CC00A20399 /* Menus.swift */ = {isa = PBXFileReference; lastKnownFileType = sourcecode.swift; path = Menus.swift; sourceTree = "<group>"; };
		4C47D33C22FFE1C200B9B07C /* Notifications.swift */ = {isa = PBXFileReference; lastKnownFileType = sourcecode.swift; path = Notifications.swift; sourceTree = "<group>"; };
		4C47D33E22FFE52600B9B07C /* NotificationManager.swift */ = {isa = PBXFileReference; lastKnownFileType = sourcecode.swift; path = NotificationManager.swift; sourceTree = "<group>"; };
		4C47D34023012C7900B9B07C /* BookWindowControls.swift */ = {isa = PBXFileReference; lastKnownFileType = sourcecode.swift; path = BookWindowControls.swift; sourceTree = "<group>"; };
		4C4B5B6422F9213700E77A30 /* Localization.swift */ = {isa = PBXFileReference; fileEncoding = 4; lastKnownFileType = sourcecode.swift; path = Localization.swift; sourceTree = "<group>"; };
		4C50FE0522FDEFDA00C5F8F2 /* BookWindowConstructors.swift */ = {isa = PBXFileReference; lastKnownFileType = sourcecode.swift; path = BookWindowConstructors.swift; sourceTree = "<group>"; };
		4C50FE0722FDF00800C5F8F2 /* BookWindowActions.swift */ = {isa = PBXFileReference; lastKnownFileType = sourcecode.swift; path = BookWindowActions.swift; sourceTree = "<group>"; };
		4C683A4922FE9F000013517B /* API.swift */ = {isa = PBXFileReference; lastKnownFileType = sourcecode.swift; path = API.swift; sourceTree = "<group>"; };
		4C68AF2C22F3FD8E00AA2401 /* BuildFrameworks.sh */ = {isa = PBXFileReference; fileEncoding = 4; lastKnownFileType = text.script.sh; name = BuildFrameworks.sh; path = "Build Scripts/BuildFrameworks.sh"; sourceTree = "<group>"; };
		4C68AF2D22F3FD8E00AA2401 /* UpdateVersionInfo.sh */ = {isa = PBXFileReference; fileEncoding = 4; lastKnownFileType = text.script.sh; name = UpdateVersionInfo.sh; path = "Build Scripts/UpdateVersionInfo.sh"; sourceTree = "<group>"; };
		4C68AF3122F3FFD600AA2401 /* iGuya.xcconfig */ = {isa = PBXFileReference; fileEncoding = 4; lastKnownFileType = text.xcconfig; path = iGuya.xcconfig; sourceTree = "<group>"; };
		4C68AF3322F3FFD600AA2401 /* iGuya.xcconfig */ = {isa = PBXFileReference; fileEncoding = 4; lastKnownFileType = text.xcconfig; path = iGuya.xcconfig; sourceTree = "<group>"; };
		4C68AF3522F3FFD600AA2401 /* iGuya.xcconfig */ = {isa = PBXFileReference; fileEncoding = 4; lastKnownFileType = text.xcconfig; path = iGuya.xcconfig; sourceTree = "<group>"; };
		4C68AF3622F3FFD600AA2401 /* Foundation.xcconfig */ = {isa = PBXFileReference; fileEncoding = 4; lastKnownFileType = text.xcconfig; path = Foundation.xcconfig; sourceTree = "<group>"; };
		4C68AF3722F3FFD600AA2401 /* Foundation Debug.xcconfig */ = {isa = PBXFileReference; fileEncoding = 4; lastKnownFileType = text.xcconfig; path = "Foundation Debug.xcconfig"; sourceTree = "<group>"; };
		4C6AE9AE22F9388E00ECF3DF /* BookListCell.swift */ = {isa = PBXFileReference; lastKnownFileType = sourcecode.swift; path = BookListCell.swift; sourceTree = "<group>"; };
		4C6AE9B322F938B100ECF3DF /* Base */ = {isa = PBXFileReference; lastKnownFileType = file.xib; name = Base; path = Base.lproj/BookListCell.xib; sourceTree = "<group>"; };
		4C6AE9B522F9481A00ECF3DF /* BookCoverImage.swift */ = {isa = PBXFileReference; lastKnownFileType = sourcecode.swift; path = BookCoverImage.swift; sourceTree = "<group>"; };
		4C77B1F12302461500EE5A81 /* Controls.swift */ = {isa = PBXFileReference; lastKnownFileType = sourcecode.swift; path = Controls.swift; sourceTree = "<group>"; };
		4C77B1F323024E6300EE5A81 /* Collections.swift */ = {isa = PBXFileReference; lastKnownFileType = sourcecode.swift; path = Collections.swift; sourceTree = "<group>"; };
		4C91038D22FA947A005D63C7 /* BookWindows.swift */ = {isa = PBXFileReference; lastKnownFileType = sourcecode.swift; path = BookWindows.swift; sourceTree = "<group>"; };
		4C91039022FABA68005D63C7 /* Base */ = {isa = PBXFileReference; lastKnownFileType = text.plist.strings; name = Base; path = Base.lproj/BookWindow.strings; sourceTree = "<group>"; };
		4C91039222FABB0D005D63C7 /* BookReader.swift */ = {isa = PBXFileReference; lastKnownFileType = sourcecode.swift; path = BookReader.swift; sourceTree = "<group>"; };
		4C91039422FABB4F005D63C7 /* BookChapters.storyboard */ = {isa = PBXFileReference; fileEncoding = 4; lastKnownFileType = file.storyboard; name = BookChapters.storyboard; path = Base.lproj/BookChapters.storyboard; sourceTree = "<group>"; };
		4C91039722FABB85005D63C7 /* Base */ = {isa = PBXFileReference; lastKnownFileType = file.storyboard; name = Base; path = Base.lproj/BookReader.storyboard; sourceTree = "<group>"; };
		4CAAB92C22F69C26007ED15C /* Base */ = {isa = PBXFileReference; lastKnownFileType = text.plist.strings; name = Base; path = Base.lproj/API.strings; sourceTree = "<group>"; };
		4CAAB93C22F6A870007ED15C /* iGuyaAPI.framework */ = {isa = PBXFileReference; lastKnownFileType = wrapper.framework; name = iGuyaAPI.framework; path = ".tmp/SharedBuildProducts-Frameworks/iGuyaAPI.framework"; sourceTree = "<group>"; };
		4CAB50A922FEB9DE00128AA5 /* Preferences.swift */ = {isa = PBXFileReference; lastKnownFileType = sourcecode.swift; path = Preferences.swift; sourceTree = "<group>"; };
		4CAB50AE22FEC3FE00128AA5 /* RegisteredDefaults.plist */ = {isa = PBXFileReference; lastKnownFileType = text.plist.xml; path = RegisteredDefaults.plist; sourceTree = "<group>"; };
		4CAFD9F522F85D9C00458644 /* Views.swift */ = {isa = PBXFileReference; lastKnownFileType = sourcecode.swift; path = Views.swift; sourceTree = "<group>"; };
		4CB0755D22F3F5F200D73686 /* iGuya.app */ = {isa = PBXFileReference; explicitFileType = wrapper.application; includeInIndex = 0; path = iGuya.app; sourceTree = BUILT_PRODUCTS_DIR; };
		4CB0756022F3F5F200D73686 /* AppDelegate.swift */ = {isa = PBXFileReference; lastKnownFileType = sourcecode.swift; path = AppDelegate.swift; sourceTree = "<group>"; };
		4CB0756222F3F5F200D73686 /* BookList.swift */ = {isa = PBXFileReference; lastKnownFileType = sourcecode.swift; path = BookList.swift; sourceTree = "<group>"; };
		4CB0756422F3F5F400D73686 /* Main.xcassets */ = {isa = PBXFileReference; lastKnownFileType = folder.assetcatalog; path = Main.xcassets; sourceTree = "<group>"; };
		4CB0757522F3F81E00D73686 /* LICENSE.txt */ = {isa = PBXFileReference; fileEncoding = 4; lastKnownFileType = text; path = LICENSE.txt; sourceTree = SOURCE_ROOT; };
		4CB0757D22F3F86400D73686 /* iGuya.entitlements */ = {isa = PBXFileReference; lastKnownFileType = text.plist.entitlements; name = iGuya.entitlements; path = Configurations/Sandbox/iGuya.entitlements; sourceTree = SOURCE_ROOT; };
		4CB0758122F3F9BE00D73686 /* Info.plist */ = {isa = PBXFileReference; fileEncoding = 4; lastKnownFileType = text.plist.xml; name = Info.plist; path = Resources/Info.plist; sourceTree = "<group>"; };
		4CB0758622F3FA6300D73686 /* Base */ = {isa = PBXFileReference; lastKnownFileType = file.storyboard; name = Base; path = Base.lproj/Main.storyboard; sourceTree = "<group>"; };
		4CB097A722FD3BAE009886D9 /* API.m */ = {isa = PBXFileReference; fileEncoding = 4; lastKnownFileType = sourcecode.c.objc; path = API.m; sourceTree = "<group>"; };
		4CB097AB22FD3D00009886D9 /* LocalizationPrivate.h */ = {isa = PBXFileReference; lastKnownFileType = sourcecode.c.h; path = LocalizationPrivate.h; sourceTree = "<group>"; };
		4CB097AC22FD3D37009886D9 /* Localization.m */ = {isa = PBXFileReference; lastKnownFileType = sourcecode.c.objc; path = Localization.m; sourceTree = "<group>"; };
		4CB6FD5422F814C900A2783C /* Base */ = {isa = PBXFileReference; lastKnownFileType = file.storyboard; name = Base; path = Base.lproj/BookDetails.storyboard; sourceTree = "<group>"; };
		4CB6FD5C22F818E800A2783C /* Base */ = {isa = PBXFileReference; lastKnownFileType = file.storyboard; name = Base; path = Base.lproj/BookList.storyboard; sourceTree = "<group>"; };
		4CB6FD5E22F8202100A2783C /* CrossfadeStoryboard.swift */ = {isa = PBXFileReference; lastKnownFileType = sourcecode.swift; path = CrossfadeStoryboard.swift; sourceTree = "<group>"; };
		4CBAD98922F6CC9100207C84 /* ImageManager.swift */ = {isa = PBXFileReference; lastKnownFileType = sourcecode.swift; path = ImageManager.swift; sourceTree = "<group>"; };
		4CBAD99222F6D7FE00207C84 /* Logging.swift */ = {isa = PBXFileReference; fileEncoding = 4; lastKnownFileType = sourcecode.swift; path = Logging.swift; sourceTree = "<group>"; };
		4CBD94BF2302E62F00EADD77 /* BookWindowHelpers.swift */ = {isa = PBXFileReference; lastKnownFileType = sourcecode.swift; path = BookWindowHelpers.swift; sourceTree = "<group>"; };
		4CC5261423053A7000A53A50 /* EnumIteration.swift */ = {isa = PBXFileReference; lastKnownFileType = sourcecode.swift; path = EnumIteration.swift; sourceTree = "<group>"; };
		4CC8AD3122FA61D400C96941 /* Base */ = {isa = PBXFileReference; lastKnownFileType = file.storyboard; name = Base; path = Base.lproj/BookWindow.storyboard; sourceTree = "<group>"; };
		4CC8AD3322FA62FE00C96941 /* BookChapters.swift */ = {isa = PBXFileReference; lastKnownFileType = sourcecode.swift; path = BookChapters.swift; sourceTree = "<group>"; };
		4CC8AD3622FA798100C96941 /* BookWindow.swift */ = {isa = PBXFileReference; lastKnownFileType = sourcecode.swift; path = BookWindow.swift; sourceTree = "<group>"; };
		4CCA1BEC22FACA1E00DC6AD5 /* Reader.xcassets */ = {isa = PBXFileReference; lastKnownFileType = folder.assetcatalog; path = Reader.xcassets; sourceTree = "<group>"; };
/* End PBXFileReference section */

/* Begin PBXFrameworksBuildPhase section */
		4CB0755A22F3F5F200D73686 /* Frameworks */ = {
			isa = PBXFrameworksBuildPhase;
			buildActionMask = 2147483647;
			files = (
				4CAAB93D22F6A870007ED15C /* iGuyaAPI.framework in Frameworks */,
			);
			runOnlyForDeploymentPostprocessing = 0;
		};
/* End PBXFrameworksBuildPhase section */

/* Begin PBXGroup section */
		4C080E6D22F5461A00BC8C28 /* Library */ = {
			isa = PBXGroup;
			children = (
				4C080E6B22F4AFFC00BC8C28 /* BookManager.swift */,
				4CBAD98922F6CC9100207C84 /* ImageManager.swift */,
				4CB097AC22FD3D37009886D9 /* Localization.m */,
				4C4B5B6422F9213700E77A30 /* Localization.swift */,
				4CBAD99222F6D7FE00207C84 /* Logging.swift */,
				4C47D33E22FFE52600B9B07C /* NotificationManager.swift */,
			);
			path = Library;
			sourceTree = "<group>";
		};
		4C080E6F22F5464600BC8C28 /* Controllers */ = {
			isa = PBXGroup;
			children = (
				4CB0756022F3F5F200D73686 /* AppDelegate.swift */,
			);
			path = Controllers;
			sourceTree = "<group>";
		};
		4C080E7022F5465E00BC8C28 /* Views */ = {
			isa = PBXGroup;
			children = (
				4CC8AD3922FA79DF00C96941 /* Book Window */,
				4CC8AD3822FA79C800C96941 /* Home Window */,
				4C6AE9B522F9481A00ECF3DF /* BookCoverImage.swift */,
			);
			path = Views;
			sourceTree = "<group>";
		};
		4C68AF2B22F3FD7500AA2401 /* Scripts */ = {
			isa = PBXGroup;
			children = (
				4C68AF2C22F3FD8E00AA2401 /* BuildFrameworks.sh */,
				4C68AF2D22F3FD8E00AA2401 /* UpdateVersionInfo.sh */,
			);
			name = Scripts;
			sourceTree = "<group>";
		};
		4C68AF3022F3FFD600AA2401 /* Release */ = {
			isa = PBXGroup;
			children = (
				4C68AF3122F3FFD600AA2401 /* iGuya.xcconfig */,
			);
			name = Release;
			path = Configurations/Build/Release;
			sourceTree = "<group>";
		};
		4C68AF3222F3FFD600AA2401 /* Debug */ = {
			isa = PBXGroup;
			children = (
				4C68AF3322F3FFD600AA2401 /* iGuya.xcconfig */,
			);
			name = Debug;
			path = Configurations/Build/Debug;
			sourceTree = "<group>";
		};
		4C68AF3422F3FFD600AA2401 /* Common */ = {
			isa = PBXGroup;
			children = (
				4C68AF3622F3FFD600AA2401 /* Foundation.xcconfig */,
				4C68AF3722F3FFD600AA2401 /* Foundation Debug.xcconfig */,
				4C68AF3522F3FFD600AA2401 /* iGuya.xcconfig */,
			);
			name = Common;
			path = Configurations/Build/Common;
			sourceTree = "<group>";
		};
		4CAAB92222F69865007ED15C /* Extensions */ = {
			isa = PBXGroup;
			children = (
				4CB097A722FD3BAE009886D9 /* API.m */,
				4C683A4922FE9F000013517B /* API.swift */,
				4C47D33C22FFE1C200B9B07C /* Notifications.swift */,
				4CC5261423053A7000A53A50 /* EnumIteration.swift */,
			);
			path = Extensions;
			sourceTree = "<group>";
		};
		4CAAB92522F69BBE007ED15C /* Language Files */ = {
			isa = PBXGroup;
			children = (
				4CAAB92B22F69C26007ED15C /* API.strings */,
				4C91038F22FABA68005D63C7 /* BookWindow.strings */,
			);
			path = "Language Files";
			sourceTree = "<group>";
		};
		4CAB50A822FEB95100128AA5 /* Preferences */ = {
			isa = PBXGroup;
			children = (
				4CAB50A922FEB9DE00128AA5 /* Preferences.swift */,
			);
			path = Preferences;
			sourceTree = "<group>";
		};
		4CAB50AD22FEC3E200128AA5 /* Property Lists */ = {
			isa = PBXGroup;
			children = (
				4CAB50AE22FEC3FE00128AA5 /* RegisteredDefaults.plist */,
			);
			path = "Property Lists";
			sourceTree = "<group>";
		};
		4CAF7FBB22F3FBC000173D34 /* Frameworks */ = {
			isa = PBXGroup;
			children = (
				4CAF7FBC22F3FBD400173D34 /* Other */,
			);
			name = Frameworks;
			sourceTree = "<group>";
		};
		4CAF7FBC22F3FBD400173D34 /* Other */ = {
			isa = PBXGroup;
			children = (
				4CAAB93C22F6A870007ED15C /* iGuyaAPI.framework */,
			);
			name = Other;
			sourceTree = "<group>";
		};
		4CB0755422F3F5F200D73686 = {
			isa = PBXGroup;
			children = (
				4CB0757222F3F7F400D73686 /* Build */,
				4CB0757022F3F7DF00D73686 /* Classes */,
				4CB0757122F3F7E700D73686 /* Resources */,
				4CAF7FBB22F3FBC000173D34 /* Frameworks */,
				4CB0755E22F3F5F200D73686 /* Products */,
			);
			sourceTree = "<group>";
		};
		4CB0755E22F3F5F200D73686 /* Products */ = {
			isa = PBXGroup;
			children = (
				4CB0755D22F3F5F200D73686 /* iGuya.app */,
			);
			name = Products;
			sourceTree = "<group>";
		};
		4CB0757022F3F7DF00D73686 /* Classes */ = {
			isa = PBXGroup;
			children = (
				4C080E6F22F5464600BC8C28 /* Controllers */,
				4CAAB92222F69865007ED15C /* Extensions */,
				4CB097A922FD3CC3009886D9 /* Headers */,
				4CB6FD5622F8173700A2783C /* Helpers */,
				4C080E6D22F5461A00BC8C28 /* Library */,
				4CAB50A822FEB95100128AA5 /* Preferences */,
				4C080E7022F5465E00BC8C28 /* Views */,
			);
			path = Classes;
			sourceTree = "<group>";
		};
		4CB0757122F3F7E700D73686 /* Resources */ = {
			isa = PBXGroup;
			children = (
				4CAB50AD22FEC3E200128AA5 /* Property Lists */,
				4CB0758822F3FA7500D73686 /* Assets */,
				4CB0757422F3F80B00D73686 /* Documentation */,
				4CAAB92522F69BBE007ED15C /* Language Files */,
				4CB0758422F3FA3500D73686 /* User Interface */,
			);
			path = Resources;
			sourceTree = "<group>";
		};
		4CB0757222F3F7F400D73686 /* Build */ = {
			isa = PBXGroup;
			children = (
				4CB0758022F3F94100D73686 /* Configurations */,
				4CB0757322F3F7FF00D73686 /* Properties */,
				4CB0757C22F3F85000D73686 /* Sandbox */,
				4C68AF2B22F3FD7500AA2401 /* Scripts */,
			);
			name = Build;
			sourceTree = "<group>";
		};
		4CB0757322F3F7FF00D73686 /* Properties */ = {
			isa = PBXGroup;
			children = (
				4CB0758122F3F9BE00D73686 /* Info.plist */,
			);
			name = Properties;
			sourceTree = "<group>";
		};
		4CB0757422F3F80B00D73686 /* Documentation */ = {
			isa = PBXGroup;
			children = (
				4CB0757522F3F81E00D73686 /* LICENSE.txt */,
			);
			name = Documentation;
			sourceTree = "<group>";
		};
		4CB0757C22F3F85000D73686 /* Sandbox */ = {
			isa = PBXGroup;
			children = (
				4CB0757D22F3F86400D73686 /* iGuya.entitlements */,
			);
			name = Sandbox;
			sourceTree = "<group>";
		};
		4CB0758022F3F94100D73686 /* Configurations */ = {
			isa = PBXGroup;
			children = (
				4C68AF3422F3FFD600AA2401 /* Common */,
				4C68AF3222F3FFD600AA2401 /* Debug */,
				4C68AF3022F3FFD600AA2401 /* Release */,
			);
			name = Configurations;
			sourceTree = "<group>";
		};
		4CB0758422F3FA3500D73686 /* User Interface */ = {
			isa = PBXGroup;
			children = (
				4C91039422FABB4F005D63C7 /* BookChapters.storyboard */,
				4CB6FD5322F814C900A2783C /* BookDetails.storyboard */,
				4CB6FD5B22F818E800A2783C /* BookList.storyboard */,
				4C6AE9B222F938B100ECF3DF /* BookListCell.xib */,
				4C91039622FABB85005D63C7 /* BookReader.storyboard */,
				4CC8AD3022FA61D400C96941 /* BookWindow.storyboard */,
				4CB0758522F3FA6300D73686 /* Main.storyboard */,
			);
			path = "User Interface";
			sourceTree = "<group>";
		};
		4CB0758822F3FA7500D73686 /* Assets */ = {
			isa = PBXGroup;
			children = (
				4CB0756422F3F5F400D73686 /* Main.xcassets */,
				4CCA1BEC22FACA1E00DC6AD5 /* Reader.xcassets */,
			);
			path = Assets;
			sourceTree = "<group>";
		};
		4CB097A922FD3CC3009886D9 /* Headers */ = {
			isa = PBXGroup;
			children = (
				4CB097AA22FD3CCD009886D9 /* Private */,
			);
			path = Headers;
			sourceTree = "<group>";
		};
		4CB097AA22FD3CCD009886D9 /* Private */ = {
			isa = PBXGroup;
			children = (
				4CB097AB22FD3D00009886D9 /* LocalizationPrivate.h */,
			);
			path = Private;
			sourceTree = "<group>";
		};
		4CB6FD5622F8173700A2783C /* Helpers */ = {
			isa = PBXGroup;
			children = (
				4C77B1F323024E6300EE5A81 /* Collections.swift */,
				4C77B1F12302461500EE5A81 /* Controls.swift */,
				4CB6FD5E22F8202100A2783C /* CrossfadeStoryboard.swift */,
				4C47435E22FD66CC00A20399 /* Menus.swift */,
				4CAFD9F522F85D9C00458644 /* Views.swift */,
			);
			path = Helpers;
			sourceTree = "<group>";
		};
		4CC8AD3822FA79C800C96941 /* Home Window */ = {
			isa = PBXGroup;
			children = (
				4CB0756222F3F5F200D73686 /* BookList.swift */,
				4C0B96D122F672E40067BF34 /* BookDetails.swift */,
				4C6AE9AE22F9388E00ECF3DF /* BookListCell.swift */,
			);
			path = "Home Window";
			sourceTree = "<group>";
		};
		4CC8AD3922FA79DF00C96941 /* Book Window */ = {
			isa = PBXGroup;
			children = (
				4CC8AD3322FA62FE00C96941 /* BookChapters.swift */,
				4C91039222FABB0D005D63C7 /* BookReader.swift */,
				4CC8AD3622FA798100C96941 /* BookWindow.swift */,
				4C50FE0722FDF00800C5F8F2 /* BookWindowActions.swift */,
				4C50FE0522FDEFDA00C5F8F2 /* BookWindowConstructors.swift */,
				4C47D34023012C7900B9B07C /* BookWindowControls.swift */,
				4CBD94BF2302E62F00EADD77 /* BookWindowHelpers.swift */,
				4C91038D22FA947A005D63C7 /* BookWindows.swift */,
			);
			path = "Book Window";
			sourceTree = "<group>";
		};
/* End PBXGroup section */

/* Begin PBXNativeTarget section */
		4CB0755C22F3F5F200D73686 /* iGuya */ = {
			isa = PBXNativeTarget;
			buildConfigurationList = 4CB0756D22F3F5F400D73686 /* Build configuration list for PBXNativeTarget "iGuya" */;
			buildPhases = (
				4CB0755922F3F5F200D73686 /* Sources */,
				4CB0755A22F3F5F200D73686 /* Frameworks */,
				4C68AF4B22F406FA00AA2401 /* Copy Frameworks */,
				4CB0755B22F3F5F200D73686 /* Resources */,
			);
			buildRules = (
			);
			dependencies = (
				4C68AF4822F406C800AA2401 /* PBXTargetDependency */,
			);
			name = iGuya;
			productName = iGuya;
			productReference = 4CB0755D22F3F5F200D73686 /* iGuya.app */;
			productType = "com.apple.product-type.application";
		};
/* End PBXNativeTarget section */

/* Begin PBXProject section */
		4CB0755522F3F5F200D73686 /* Project object */ = {
			isa = PBXProject;
			attributes = {
				LastSwiftUpdateCheck = 1100;
				LastUpgradeCheck = 1100;
				ORGANIZATIONNAME = iGuya;
				TargetAttributes = {
					4C68AF4222F4069600AA2401 = {
						CreatedOnToolsVersion = 11.0;
					};
					4CB0755C22F3F5F200D73686 = {
						CreatedOnToolsVersion = 11.0;
						LastSwiftMigration = 1100;
					};
				};
			};
			buildConfigurationList = 4CB0755822F3F5F200D73686 /* Build configuration list for PBXProject "iGuya" */;
			compatibilityVersion = "Xcode 9.3";
			developmentRegion = en;
			hasScannedForEncodings = 0;
			knownRegions = (
				en,
				Base,
			);
			mainGroup = 4CB0755422F3F5F200D73686;
			productRefGroup = 4CB0755E22F3F5F200D73686 /* Products */;
			projectDirPath = "";
			projectRoot = "";
			targets = (
				4CB0755C22F3F5F200D73686 /* iGuya */,
				4C68AF4222F4069600AA2401 /* Build Frameworks */,
			);
		};
/* End PBXProject section */

/* Begin PBXResourcesBuildPhase section */
		4CB0755B22F3F5F200D73686 /* Resources */ = {
			isa = PBXResourcesBuildPhase;
			buildActionMask = 2147483647;
			files = (
				4C91039822FABB85005D63C7 /* BookReader.storyboard in Resources */,
				4C6AE9B422F938B100ECF3DF /* BookListCell.xib in Resources */,
				4CCA1BED22FACA1E00DC6AD5 /* Reader.xcassets in Resources */,
				4CB0757622F3F81E00D73686 /* LICENSE.txt in Resources */,
				4C91039122FABA68005D63C7 /* BookWindow.strings in Resources */,
				4CAB50AF22FEC3FE00128AA5 /* RegisteredDefaults.plist in Resources */,
				4CB6FD5D22F818E800A2783C /* BookList.storyboard in Resources */,
				4CC8AD3222FA61D400C96941 /* BookWindow.storyboard in Resources */,
				4C91039522FABB50005D63C7 /* BookChapters.storyboard in Resources */,
				4CB0758722F3FA6300D73686 /* Main.storyboard in Resources */,
				4CB0756522F3F5F400D73686 /* Main.xcassets in Resources */,
				4CAAB92D22F69C26007ED15C /* API.strings in Resources */,
				4CB6FD5522F814C900A2783C /* BookDetails.storyboard in Resources */,
			);
			runOnlyForDeploymentPostprocessing = 0;
		};
/* End PBXResourcesBuildPhase section */

/* Begin PBXShellScriptBuildPhase section */
		4C68AF4622F406B000AA2401 /* ShellScript */ = {
			isa = PBXShellScriptBuildPhase;
			buildActionMask = 2147483647;
			files = (
			);
			inputFileListPaths = (
			);
			inputPaths = (
			);
			outputFileListPaths = (
			);
			outputPaths = (
			);
			runOnlyForDeploymentPostprocessing = 0;
			shellPath = /bin/sh;
			shellScript = "\nexec \"${PROJECT_DIR}/Build Scripts/BuildFrameworks.sh\"\n";
		};
/* End PBXShellScriptBuildPhase section */

/* Begin PBXSourcesBuildPhase section */
		4CB0755922F3F5F200D73686 /* Sources */ = {
			isa = PBXSourcesBuildPhase;
			buildActionMask = 2147483647;
			files = (
				4CC8AD3522FA697D00C96941 /* BookChapters.swift in Sources */,
				4C6AE9B022F9388E00ECF3DF /* BookListCell.swift in Sources */,
				4CBAD98A22F6CC9100207C84 /* ImageManager.swift in Sources */,
				4C6AE9B622F9481A00ECF3DF /* BookCoverImage.swift in Sources */,
				4CAFD9F622F85D9C00458644 /* Views.swift in Sources */,
				4C47D33F22FFE52600B9B07C /* NotificationManager.swift in Sources */,
				4C4B5B6522F9213700E77A30 /* Localization.swift in Sources */,
				4CB097AE22FD3FD2009886D9 /* API.m in Sources */,
				4CBD94C02302E62F00EADD77 /* BookWindowHelpers.swift in Sources */,
				4CC8AD3722FA798100C96941 /* BookWindow.swift in Sources */,
				4C91038E22FA947A005D63C7 /* BookWindows.swift in Sources */,
				4C47435F22FD66CC00A20399 /* Menus.swift in Sources */,
				4C50FE0822FDF00800C5F8F2 /* BookWindowActions.swift in Sources */,
				4C47D34123012C7900B9B07C /* BookWindowControls.swift in Sources */,
				4C080E6C22F4AFFC00BC8C28 /* BookManager.swift in Sources */,
				4C91039322FABB0D005D63C7 /* BookReader.swift in Sources */,
				4CC5261523053A7000A53A50 /* EnumIteration.swift in Sources */,
				4C77B1F423024E6300EE5A81 /* Collections.swift in Sources */,
				4C47D33D22FFE1C200B9B07C /* Notifications.swift in Sources */,
				4C683A4A22FE9F000013517B /* API.swift in Sources */,
				4CBAD99322F6D7FE00207C84 /* Logging.swift in Sources */,
				4CB6FD5F22F8202100A2783C /* CrossfadeStoryboard.swift in Sources */,
				4C50FE0622FDEFDB00C5F8F2 /* BookWindowConstructors.swift in Sources */,
				4CB0756322F3F5F200D73686 /* BookList.swift in Sources */,
				4CAB50AA22FEB9DE00128AA5 /* Preferences.swift in Sources */,
				4C0B96D222F672E40067BF34 /* BookDetails.swift in Sources */,
				4C77B1F22302461500EE5A81 /* Controls.swift in Sources */,
				4CB0756122F3F5F200D73686 /* AppDelegate.swift in Sources */,
				4CB097AD22FD3D37009886D9 /* Localization.m in Sources */,
			);
			runOnlyForDeploymentPostprocessing = 0;
		};
/* End PBXSourcesBuildPhase section */

/* Begin PBXTargetDependency section */
		4C68AF4822F406C800AA2401 /* PBXTargetDependency */ = {
			isa = PBXTargetDependency;
			target = 4C68AF4222F4069600AA2401 /* Build Frameworks */;
			targetProxy = 4C68AF4722F406C800AA2401 /* PBXContainerItemProxy */;
		};
/* End PBXTargetDependency section */

/* Begin PBXVariantGroup section */
		4C6AE9B222F938B100ECF3DF /* BookListCell.xib */ = {
			isa = PBXVariantGroup;
			children = (
				4C6AE9B322F938B100ECF3DF /* Base */,
			);
			name = BookListCell.xib;
			sourceTree = "<group>";
		};
		4C91038F22FABA68005D63C7 /* BookWindow.strings */ = {
			isa = PBXVariantGroup;
			children = (
				4C91039022FABA68005D63C7 /* Base */,
			);
			name = BookWindow.strings;
			sourceTree = "<group>";
		};
		4C91039622FABB85005D63C7 /* BookReader.storyboard */ = {
			isa = PBXVariantGroup;
			children = (
				4C91039722FABB85005D63C7 /* Base */,
			);
			name = BookReader.storyboard;
			sourceTree = "<group>";
		};
		4CAAB92B22F69C26007ED15C /* API.strings */ = {
			isa = PBXVariantGroup;
			children = (
				4CAAB92C22F69C26007ED15C /* Base */,
			);
			name = API.strings;
			sourceTree = "<group>";
		};
		4CB0758522F3FA6300D73686 /* Main.storyboard */ = {
			isa = PBXVariantGroup;
			children = (
				4CB0758622F3FA6300D73686 /* Base */,
			);
			name = Main.storyboard;
			sourceTree = "<group>";
		};
		4CB6FD5322F814C900A2783C /* BookDetails.storyboard */ = {
			isa = PBXVariantGroup;
			children = (
				4CB6FD5422F814C900A2783C /* Base */,
			);
			name = BookDetails.storyboard;
			sourceTree = "<group>";
		};
		4CB6FD5B22F818E800A2783C /* BookList.storyboard */ = {
			isa = PBXVariantGroup;
			children = (
				4CB6FD5C22F818E800A2783C /* Base */,
			);
			name = BookList.storyboard;
			sourceTree = "<group>";
		};
		4CC8AD3022FA61D400C96941 /* BookWindow.storyboard */ = {
			isa = PBXVariantGroup;
			children = (
				4CC8AD3122FA61D400C96941 /* Base */,
			);
			name = BookWindow.storyboard;
			sourceTree = "<group>";
		};
/* End PBXVariantGroup section */

/* Begin XCBuildConfiguration section */
		4C68AF4422F4069600AA2401 /* Debug */ = {
			isa = XCBuildConfiguration;
			buildSettings = {
				PRODUCT_NAME = "$(TARGET_NAME)";
			};
			name = Debug;
		};
		4C68AF4522F4069600AA2401 /* Release */ = {
			isa = XCBuildConfiguration;
			buildSettings = {
				PRODUCT_NAME = "$(TARGET_NAME)";
			};
			name = Release;
		};
		4CB0756B22F3F5F400D73686 /* Debug */ = {
			isa = XCBuildConfiguration;
			baseConfigurationReference = 4C68AF3322F3FFD600AA2401 /* iGuya.xcconfig */;
			buildSettings = {
			};
			name = Debug;
		};
		4CB0756C22F3F5F400D73686 /* Release */ = {
			isa = XCBuildConfiguration;
			baseConfigurationReference = 4C68AF3122F3FFD600AA2401 /* iGuya.xcconfig */;
			buildSettings = {
			};
			name = Release;
		};
		4CB0756E22F3F5F400D73686 /* Debug */ = {
			isa = XCBuildConfiguration;
			buildSettings = {
				ASSETCATALOG_COMPILER_APPICON_NAME = AppIcon;
				CLANG_ENABLE_MODULES = YES;
				CODE_SIGN_ENTITLEMENTS = Configurations/Sandbox/iGuya.entitlements;
				CODE_SIGN_STYLE = Automatic;
				DEVELOPMENT_TEAM = EW6G6S6J99;
				ENABLE_HARDENED_RUNTIME = YES;
				INFOPLIST_FILE = "${IGUYA_WORKSPACE_TEMP_DIR}/Info.plist";
				LD_RUNPATH_SEARCH_PATHS = (
					"$(inherited)",
					"@executable_path/../Frameworks",
				);
				PRODUCT_BUNDLE_IDENTIFIER = app.unstable.iGuya;
				PRODUCT_NAME = "$(TARGET_NAME)";
				SWIFT_OPTIMIZATION_LEVEL = "-Onone";
				SWIFT_VERSION = 5.0;
			};
			name = Debug;
		};
		4CB0756F22F3F5F400D73686 /* Release */ = {
			isa = XCBuildConfiguration;
			buildSettings = {
				ASSETCATALOG_COMPILER_APPICON_NAME = AppIcon;
				CLANG_ENABLE_MODULES = YES;
				CODE_SIGN_ENTITLEMENTS = Configurations/Sandbox/iGuya.entitlements;
				CODE_SIGN_STYLE = Automatic;
				DEVELOPMENT_TEAM = EW6G6S6J99;
				ENABLE_HARDENED_RUNTIME = YES;
				INFOPLIST_FILE = "${IGUYA_WORKSPACE_TEMP_DIR}/Info.plist";
				LD_RUNPATH_SEARCH_PATHS = (
					"$(inherited)",
					"@executable_path/../Frameworks",
				);
				PRODUCT_BUNDLE_IDENTIFIER = app.unstable.iGuya;
				PRODUCT_NAME = "$(TARGET_NAME)";
				SWIFT_VERSION = 5.0;
			};
			name = Release;
		};
/* End XCBuildConfiguration section */

/* Begin XCConfigurationList section */
		4C68AF4322F4069600AA2401 /* Build configuration list for PBXAggregateTarget "Build Frameworks" */ = {
			isa = XCConfigurationList;
			buildConfigurations = (
				4C68AF4422F4069600AA2401 /* Debug */,
				4C68AF4522F4069600AA2401 /* Release */,
			);
			defaultConfigurationIsVisible = 0;
			defaultConfigurationName = Release;
		};
		4CB0755822F3F5F200D73686 /* Build configuration list for PBXProject "iGuya" */ = {
			isa = XCConfigurationList;
			buildConfigurations = (
				4CB0756B22F3F5F400D73686 /* Debug */,
				4CB0756C22F3F5F400D73686 /* Release */,
			);
			defaultConfigurationIsVisible = 0;
			defaultConfigurationName = Release;
		};
		4CB0756D22F3F5F400D73686 /* Build configuration list for PBXNativeTarget "iGuya" */ = {
			isa = XCConfigurationList;
			buildConfigurations = (
				4CB0756E22F3F5F400D73686 /* Debug */,
				4CB0756F22F3F5F400D73686 /* Release */,
			);
			defaultConfigurationIsVisible = 0;
			defaultConfigurationName = Release;
		};
/* End XCConfigurationList section */
	};
	rootObject = 4CB0755522F3F5F200D73686 /* Project object */;
}
